
Microsoft Visual Studio Solution File, Format Version 12.00
# Visual Studio Version 17
VisualStudioVersion = 17.1.31911.260
MinimumVisualStudioVersion = 10.0.40219.1
Project("{FAE04EC0-301F-11D3-BF4B-00C04F79EFBC}") = "TeCAS", "TeCAS\TeCAS.csproj", "{17408C36-90C9-4C8F-AB92-59FC302DA367}"
EndProject
Global
	GlobalSection(SolutionConfigurationPlatforms) = preSolution
		Debug|Any CPU = Debug|Any CPU
		Release|Any CPU = Release|Any CPU
	EndGlobalSection
	GlobalSection(ProjectConfigurationPlatforms) = postSolution
		{17408C36-90C9-4C8F-AB92-59FC302DA367}.Debug|Any CPU.ActiveCfg = Debug|Any CPU
		{17408C36-90C9-4C8F-AB92-59FC302DA367}.Debug|Any CPU.Build.0 = Debug|Any CPU
		{17408C36-90C9-4C8F-AB92-59FC302DA367}.Release|Any CPU.ActiveCfg = Release|Any CPU
		{17408C36-90C9-4C8F-AB92-59FC302DA367}.Release|Any CPU.Build.0 = Release|Any CPU
	EndGlobalSection
	GlobalSection(SolutionProperties) = preSolution
		HideSolutionNode = FALSE
	EndGlobalSection
	GlobalSection(ExtensibilityGlobals) = postSolution
		SolutionGuid = {D70CD98D-5F16-47B4-A13A-1949563DF84F}
	EndGlobalSection
EndGlobal
